
Microsoft Visual Studio Solution File, Format Version 12.00
# Visual Studio Version 17
VisualStudioVersion = 17.0.31903.59
MinimumVisualStudioVersion = 10.0.40219.1
Project("{FAE04EC0-301F-11D3-BF4B-00C04F79EFBC}") = "SmartOrderApi", "..\SmartOrderApi\SmartOrderApi\SmartOrderApi.csproj", "{2478D4E2-040C-4873-936F-0311675D0F87}"
EndProject
Project("{FAE04EC0-301F-11D3-BF4B-00C04F79EFBC}") = "SmartOrderApi.Tests", "..\SmartOrderApi\SmartOrderApi.Tests\SmartOrderApi.Tests.csproj", "{27F2F1BC-C72A-4C43-AB40-B472D56E8B35}"
EndProject
Project("{FAE04EC0-301F-11D3-BF4B-00C04F79EFBC}") = "SmartOrder", "SmartOrder.csproj", "{D353DC4E-4A82-47DF-9A87-1892E3D6799D}"
EndProject
Global
	GlobalSection(SolutionConfigurationPlatforms) = preSolution
		Debug|Any CPU = Debug|Any CPU
		Release|Any CPU = Release|Any CPU
	EndGlobalSection
	GlobalSection(SolutionProperties) = preSolution
		HideSolutionNode = FALSE
	EndGlobalSection
	GlobalSection(ProjectConfigurationPlatforms) = postSolution
		{2478D4E2-040C-4873-936F-0311675D0F87}.Debug|Any CPU.ActiveCfg = Debug|Any CPU
		{2478D4E2-040C-4873-936F-0311675D0F87}.Debug|Any CPU.Build.0 = Debug|Any CPU
		{2478D4E2-040C-4873-936F-0311675D0F87}.Release|Any CPU.ActiveCfg = Release|Any CPU
		{2478D4E2-040C-4873-936F-0311675D0F87}.Release|Any CPU.Build.0 = Release|Any CPU
		{27F2F1BC-C72A-4C43-AB40-B472D56E8B35}.Debug|Any CPU.ActiveCfg = Debug|Any CPU
		{27F2F1BC-C72A-4C43-AB40-B472D56E8B35}.Debug|Any CPU.Build.0 = Debug|Any CPU
		{27F2F1BC-C72A-4C43-AB40-B472D56E8B35}.Release|Any CPU.ActiveCfg = Release|Any CPU
		{27F2F1BC-C72A-4C43-AB40-B472D56E8B35}.Release|Any CPU.Build.0 = Release|Any CPU
		{D353DC4E-4A82-47DF-9A87-1892E3D6799D}.Debug|Any CPU.ActiveCfg = Debug|Any CPU
		{D353DC4E-4A82-47DF-9A87-1892E3D6799D}.Debug|Any CPU.Build.0 = Debug|Any CPU
		{D353DC4E-4A82-47DF-9A87-1892E3D6799D}.Release|Any CPU.ActiveCfg = Release|Any CPU
		{D353DC4E-4A82-47DF-9A87-1892E3D6799D}.Release|Any CPU.Build.0 = Release|Any CPU
	EndGlobalSection
EndGlobal
